
Microsoft Visual Studio Solution File, Format Version 12.00
# Visual Studio 15
VisualStudioVersion = 15.0.28307.329
MinimumVisualStudioVersion = 10.0.40219.1
Project("{2150E333-8FDC-42A3-9474-1A3956D46DE8}") = "Micro", "Micro", "{D8E9AD50-1AA1-4356-A611-CBC99DB8B424}"
EndProject
Project("{9A19103F-16F7-4668-BE54-9A1E7A4F7556}") = "Users", "Users\Users.csproj", "{DC9A4577-32DA-4019-8E19-3EE4F3645241}"
EndProject
Project("{2150E333-8FDC-42A3-9474-1A3956D46DE8}") = "ManyManyNetCore", "ManyManyNetCore", "{0625526D-A395-418B-8E33-CBEA6E78152F}"
EndProject
Project("{FAE04EC0-301F-11D3-BF4B-00C04F79EFBC}") = "ManyManyEFCore", "ManyManyEFCore\ManyManyEFCore.csproj", "{9B3332E6-618F-4353-9FAC-C74BA96E5695}"
EndProject
Global
	GlobalSection(SolutionConfigurationPlatforms) = preSolution
		Debug|Any CPU = Debug|Any CPU
		Release|Any CPU = Release|Any CPU
	EndGlobalSection
	GlobalSection(ProjectConfigurationPlatforms) = postSolution
		{DC9A4577-32DA-4019-8E19-3EE4F3645241}.Debug|Any CPU.ActiveCfg = Debug|Any CPU
		{DC9A4577-32DA-4019-8E19-3EE4F3645241}.Debug|Any CPU.Build.0 = Debug|Any CPU
		{DC9A4577-32DA-4019-8E19-3EE4F3645241}.Release|Any CPU.ActiveCfg = Release|Any CPU
		{DC9A4577-32DA-4019-8E19-3EE4F3645241}.Release|Any CPU.Build.0 = Release|Any CPU
		{9B3332E6-618F-4353-9FAC-C74BA96E5695}.Debug|Any CPU.ActiveCfg = Debug|Any CPU
		{9B3332E6-618F-4353-9FAC-C74BA96E5695}.Debug|Any CPU.Build.0 = Debug|Any CPU
		{9B3332E6-618F-4353-9FAC-C74BA96E5695}.Release|Any CPU.ActiveCfg = Release|Any CPU
		{9B3332E6-618F-4353-9FAC-C74BA96E5695}.Release|Any CPU.Build.0 = Release|Any CPU
	EndGlobalSection
	GlobalSection(SolutionProperties) = preSolution
		HideSolutionNode = FALSE
	EndGlobalSection
	GlobalSection(NestedProjects) = preSolution
		{DC9A4577-32DA-4019-8E19-3EE4F3645241} = {D8E9AD50-1AA1-4356-A611-CBC99DB8B424}
		{9B3332E6-618F-4353-9FAC-C74BA96E5695} = {0625526D-A395-418B-8E33-CBEA6E78152F}
	EndGlobalSection
	GlobalSection(ExtensibilityGlobals) = postSolution
		SolutionGuid = {AEC54924-E7EE-4C78-8BB4-63D05976626A}
	EndGlobalSection
EndGlobal
